Microsoft Visual Studio Solution File, Format Version 12.00
# Visual Studio 15
VisualStudioVersion = 15.0.28307.168
MinimumVisualStudioVersion = 10.0.40219.1

Project("{FAE04EC0-301F-11D3-BF4B-00C04F79EFBC}") = "PronoteLumia", "PronoteLumia\PronoteLumia.csproj", "{7A7D7B4E-5F6B-4A2D-9D2A-8E6C6D9B4A11}"
EndProject

Global
    GlobalSection(SolutionConfigurationPlatforms) = preSolution
        Debug|ARM = Debug|ARM
        Release|ARM = Release|ARM
    EndGlobalSection

    GlobalSection(ProjectConfigurationPlatforms) = postSolution
        {7A7D7B4E-5F6B-4A2D-9D2A-8E6C6D9B4A11}.Debug|ARM.ActiveCfg = Debug|ARM
        {7A7D7B4E-5F6B-4A2D-9D2A-8E6C6D9B4A11}.Debug|ARM.Build.0 = Debug|ARM

        {7A7D7B4E-5F6B-4A2D-9D2A-8E6C6D9B4A11}.Release|ARM.ActiveCfg = Release|ARM
        {7A7D7B4E-5F6B-4A2D-9D2A-8E6C6D9B4A11}.Release|ARM.Build.0 = Release|ARM
    EndGlobalSection

    GlobalSection(SolutionProperties) = preSolution
        HideSolutionNode = FALSE
    EndGlobalSection
EndGlobal